
Microsoft Visual Studio Solution File, Format Version 12.00
# Visual Studio Version 17
VisualStudioVersion = 17.5.002.0
MinimumVisualStudioVersion = 10.0.40219.1
Project("{9A19103F-16F7-4668-BE54-9A1E7A4F7556}") = "DesafioPOO", "DesafioPOO.csproj", "{B4F5320A-910C-443A-A23A-02EF05DA994E}"
EndProject
Global
	GlobalSection(SolutionConfigurationPlatforms) = preSolution
		Debug|Any CPU = Debug|Any CPU
		Release|Any CPU = Release|Any CPU
	EndGlobalSection
	GlobalSection(ProjectConfigurationPlatforms) = postSolution
		{B4F5320A-910C-443A-A23A-02EF05DA994E}.Debug|Any CPU.ActiveCfg = Debug|Any CPU
		{B4F5320A-910C-443A-A23A-02EF05DA994E}.Debug|Any CPU.Build.0 = Debug|Any CPU
		{B4F5320A-910C-443A-A23A-02EF05DA994E}.Release|Any CPU.ActiveCfg = Release|Any CPU
		{B4F5320A-910C-443A-A23A-02EF05DA994E}.Release|Any CPU.Build.0 = Release|Any CPU
	EndGlobalSection
	GlobalSection(SolutionProperties) = preSolution
		HideSolutionNode = FALSE
	EndGlobalSection
	GlobalSection(ExtensibilityGlobals) = postSolution
		SolutionGuid = {47041D2E-5B0D-42D0-96E7-AFE9C9A279C8}
	EndGlobalSection
EndGlobal
